PODS:
  - LJTencentOpenAPI-iOS (0.1.0)

DEPENDENCIES:
  - LJTencentOpenAPI-iOS (from `../`)

EXTERNAL SOURCES:
  LJTencentOpenAPI-iOS:
    :path: "../"

SPEC CHECKSUMS:
  LJTencentOpenAPI-iOS: 5b4536c63a81049d8063683d9259cb6825ec4287

PODFILE CHECKSUM: 34c6a744cedcc76127ab22f213f9c9d4cbfa16b2

COCOAPODS: 1.11.3
